
Microsoft Visual Studio Solution File, Format Version 12.00
# Visual Studio Version 17
VisualStudioVersion = 17.4.33103.184
MinimumVisualStudioVersion = 10.0.40219.1
Project("{9A19103F-16F7-4668-BE54-9A1E7A4F7556}") = "DemoMVC", "DemoMVC\DemoMVC.csproj", "{8AE5A6F0-4EAD-47FA-B37D-1B88EB8A81F0}"
EndProject
Project("{FAE04EC0-301F-11D3-BF4B-00C04F79EFBC}") = "App_MVC", "App_MVC\App_MVC.csproj", "{04D88A52-550F-48C2-B09E-929268AE90C4}"
EndProject
Project("{FAE04EC0-301F-11D3-BF4B-00C04F79EFBC}") = "App_Data_ClassLib", "App_Data_ClassLib\App_Data_ClassLib.csproj", "{92237F05-17CB-4DB7-AC53-59332BFD7FC3}"
EndProject
Global
	GlobalSection(SolutionConfigurationPlatforms) = preSolution
		Debug|Any CPU = Debug|Any CPU
		Release|Any CPU = Release|Any CPU
	EndGlobalSection
	GlobalSection(ProjectConfigurationPlatforms) = postSolution
		{8AE5A6F0-4EAD-47FA-B37D-1B88EB8A81F0}.Debug|Any CPU.ActiveCfg = Debug|Any CPU
		{8AE5A6F0-4EAD-47FA-B37D-1B88EB8A81F0}.Debug|Any CPU.Build.0 = Debug|Any CPU
		{8AE5A6F0-4EAD-47FA-B37D-1B88EB8A81F0}.Release|Any CPU.ActiveCfg = Release|Any CPU
		{8AE5A6F0-4EAD-47FA-B37D-1B88EB8A81F0}.Release|Any CPU.Build.0 = Release|Any CPU
		{04D88A52-550F-48C2-B09E-929268AE90C4}.Debug|Any CPU.ActiveCfg = Debug|Any CPU
		{04D88A52-550F-48C2-B09E-929268AE90C4}.Debug|Any CPU.Build.0 = Debug|Any CPU
		{04D88A52-550F-48C2-B09E-929268AE90C4}.Release|Any CPU.ActiveCfg = Release|Any CPU
		{04D88A52-550F-48C2-B09E-929268AE90C4}.Release|Any CPU.Build.0 = Release|Any CPU
		{92237F05-17CB-4DB7-AC53-59332BFD7FC3}.Debug|Any CPU.ActiveCfg = Debug|Any CPU
		{92237F05-17CB-4DB7-AC53-59332BFD7FC3}.Debug|Any CPU.Build.0 = Debug|Any CPU
		{92237F05-17CB-4DB7-AC53-59332BFD7FC3}.Release|Any CPU.ActiveCfg = Release|Any CPU
		{92237F05-17CB-4DB7-AC53-59332BFD7FC3}.Release|Any CPU.Build.0 = Release|Any CPU
	EndGlobalSection
	GlobalSection(SolutionProperties) = preSolution
		HideSolutionNode = FALSE
	EndGlobalSection
	GlobalSection(ExtensibilityGlobals) = postSolution
		SolutionGuid = {A47F2D71-B1BA-4E75-AC18-3C50C2C9923B}
	EndGlobalSection
EndGlobal
